// !$*UTF8*$!
{
	archiveVersion = 1;
	classes = {
	};
	objectVersion = 51;
	objects = {

/* Begin PBXBuildFile section */
		1D0B1F642277F8890054B15B /* GoogleService-Info.plist in Resources */ = {isa = PBXBuildFile; fileRef = 1D0B1F632277F8890054B15B /* GoogleService-Info.plist */; };
		1D0B1F6D227836E00054B15B /* Localizable.strings in Resources */ = {isa = PBXBuildFile; fileRef = 1D0B1F6C227836E00054B15B /* Localizable.strings */; };
		1D0B1F79227839550054B15B /* Strings.swift in Sources */ = {isa = PBXBuildFile; fileRef = 1D0B1F75227839550054B15B /* Strings.swift */; };
		1D0B1F7A227839550054B15B /* Assets.swift in Sources */ = {isa = PBXBuildFile; fileRef = 1D0B1F76227839550054B15B /* Assets.swift */; };
		1D0B1F7B227839550054B15B /* Fonts.swift in Sources */ = {isa = PBXBuildFile; fileRef = 1D0B1F77227839550054B15B /* Fonts.swift */; };
		1D0B1F7C227839550054B15B /* swiftgen.sh in Resources */ = {isa = PBXBuildFile; fileRef = 1D0B1F78227839550054B15B /* swiftgen.sh */; };
		1D0B1F7F2279A7B60054B15B /* EngineComponent.swift in Sources */ = {isa = PBXBuildFile; fileRef = 1D0B1F7E2279A7B60054B15B /* EngineComponent.swift */; };
		1D0B1F812279A7DD0054B15B /* EngineContext.swift in Sources */ = {isa = PBXBuildFile; fileRef = 1D0B1F802279A7DD0054B15B /* EngineContext.swift */; };
		1D0B1F852279A83B0054B15B /* ApiEndPoint.swift in Sources */ = {isa = PBXBuildFile; fileRef = 1D0B1F842279A83B0054B15B /* ApiEndPoint.swift */; };
		1D0B1F872279A87D0054B15B /* NetworkClient.swift in Sources */ = {isa = PBXBuildFile; fileRef = 1D0B1F862279A87D0054B15B /* NetworkClient.swift */; };
		1D0B1F892279A9150054B15B /* ApiError.swift in Sources */ = {isa = PBXBuildFile; fileRef = 1D0B1F882279A9150054B15B /* ApiError.swift */; };
		1D0B1F8C2279AB7C0054B15B /* FileDataStore.swift in Sources */ = {isa = PBXBuildFile; fileRef = 1D0B1F8B2279AB7C0054B15B /* FileDataStore.swift */; };
		1D0B1F8F2279AC170054B15B /* Logger.swift in Sources */ = {isa = PBXBuildFile; fileRef = 1D0B1F8E2279AC170054B15B /* Logger.swift */; };
		1D0B1F912279AC710054B15B /* RemoteImageDataStore.swift in Sources */ = {isa = PBXBuildFile; fileRef = 1D0B1F902279AC710054B15B /* RemoteImageDataStore.swift */; };
		1D0B1F942279ACC90054B15B /* ImageService.swift in Sources */ = {isa = PBXBuildFile; fileRef = 1D0B1F932279ACC90054B15B /* ImageService.swift */; };
		1D0B1F962279AD020054B15B /* SessionService.swift in Sources */ = {isa = PBXBuildFile; fileRef = 1D0B1F952279AD020054B15B /* SessionService.swift */; };
		1D0B1F982279AD970054B15B /* Formatter.swift in Sources */ = {isa = PBXBuildFile; fileRef = 1D0B1F972279AD970054B15B /* Formatter.swift */; };
		1D0B1F9A2279ADAF0054B15B /* SessionModel.swift in Sources */ = {isa = PBXBuildFile; fileRef = 1D0B1F992279ADAF0054B15B /* SessionModel.swift */; };
		1D0B1F9C2279AE2F0054B15B /* Date+Extensions.swift in Sources */ = {isa = PBXBuildFile; fileRef = 1D0B1F9B2279AE2F0054B15B /* Date+Extensions.swift */; };
		1D0B1F9E2279AEFE0054B15B /* WeakServiceOrderedSet.swift in Sources */ = {isa = PBXBuildFile; fileRef = 1D0B1F9D2279AEFE0054B15B /* WeakServiceOrderedSet.swift */; };
		1D0B1FA02279B3BB0054B15B /* Data+Extensions.swift in Sources */ = {isa = PBXBuildFile; fileRef = 1D0B1F9F2279B3BB0054B15B /* Data+Extensions.swift */; };
		1D0B1FA22279B42B0054B15B /* URLRequest+Extension.swift in Sources */ = {isa = PBXBuildFile; fileRef = 1D0B1FA12279B42B0054B15B /* URLRequest+Extension.swift */; };
		1D0B1FA42279B5550054B15B /* String+Extensions.swift in Sources */ = {isa = PBXBuildFile; fileRef = 1D0B1FA32279B5550054B15B /* String+Extensions.swift */; };
		1D0B222E227BF3D80054B15B /* Engine.swift in Sources */ = {isa = PBXBuildFile; fileRef = 1D0B222D227BF3D80054B15B /* Engine.swift */; };
		1D0B2230227BF46C0054B15B /* ExpirableFileDataStore.swift in Sources */ = {isa = PBXBuildFile; fileRef = 1D0B222F227BF46C0054B15B /* ExpirableFileDataStore.swift */; };
		1D0B2232227BF4AC0054B15B /* LocationService.swift in Sources */ = {isa = PBXBuildFile; fileRef = 1D0B2231227BF4AC0054B15B /* LocationService.swift */; };
		1D0B2234227BF7130054B15B /* EndPointMapper.swift in Sources */ = {isa = PBXBuildFile; fileRef = 1D0B2233227BF7130054B15B /* EndPointMapper.swift */; };
		1D130DE522B0B1C600A2453A /* TabbarController.swift in Sources */ = {isa = PBXBuildFile; fileRef = 1D130DE422B0B1C600A2453A /* TabbarController.swift */; };
		1D130DE722B0B23400A2453A /* RecordViewController.swift in Sources */ = {isa = PBXBuildFile; fileRef = 1D130DE622B0B23400A2453A /* RecordViewController.swift */; };
		1D130DE922B0B80C00A2453A /* UIImage+Extensions.swift in Sources */ = {isa = PBXBuildFile; fileRef = 1D130DE822B0B80C00A2453A /* UIImage+Extensions.swift */; };
		1D1963F922C4B24E00CC0DF6 /* LoginUIView.swift in Sources */ = {isa = PBXBuildFile; fileRef = 1D1963F822C4B24E00CC0DF6 /* LoginUIView.swift */; };
		1D1963FE22C4B8A300CC0DF6 /* run.json in Resources */ = {isa = PBXBuildFile; fileRef = 1D1963FD22C4B8A300CC0DF6 /* run.json */; };
		1D19640022C5B95A00CC0DF6 /* Constants.swift in Sources */ = {isa = PBXBuildFile; fileRef = 1D1963FF22C5B95A00CC0DF6 /* Constants.swift */; };
		1D19640322C5E22400CC0DF6 /* LottieUIView.swift in Sources */ = {isa = PBXBuildFile; fileRef = 1D19640222C5E22400CC0DF6 /* LottieUIView.swift */; };
		1D19640622C6120A00CC0DF6 /* SignUIView.swift in Sources */ = {isa = PBXBuildFile; fileRef = 1D19640522C6120A00CC0DF6 /* SignUIView.swift */; };
		1D19640822C895C500CC0DF6 /* UserModel.swift in Sources */ = {isa = PBXBuildFile; fileRef = 1D19640722C895C500CC0DF6 /* UserModel.swift */; };
		1D1C3A7822716B750031A9BC /* AppDelegate.swift in Sources */ = {isa = PBXBuildFile; fileRef = 1D1C3A7722716B750031A9BC /* AppDelegate.swift */; };
		1D1C3A7A22716B750031A9BC /* FirstViewController.swift in Sources */ = {isa = PBXBuildFile; fileRef = 1D1C3A7922716B750031A9BC /* FirstViewController.swift */; };
		1D1C3A7C22716B750031A9BC /* SecondViewController.swift in Sources */ = {isa = PBXBuildFile; fileRef = 1D1C3A7B22716B750031A9BC /* SecondViewController.swift */; };
		1D1C3A7F22716B750031A9BC /* Main.storyboard in Resources */ = {isa = PBXBuildFile; fileRef = 1D1C3A7D22716B750031A9BC /* Main.storyboard */; };
		1D1C3A8122716B760031A9BC /* Assets.xcassets in Resources */ = {isa = PBXBuildFile; fileRef = 1D1C3A8022716B760031A9BC /* Assets.xcassets */; };
		1D1C3A8422716B760031A9BC /* LaunchScreen.storyboard in Resources */ = {isa = PBXBuildFile; fileRef = 1D1C3A8222716B760031A9BC /* LaunchScreen.storyboard */; };
		1D1C3A8F22716B760031A9BC /* MyJogsTests.swift in Sources */ = {isa = PBXBuildFile; fileRef = 1D1C3A8E22716B760031A9BC /* MyJogsTests.swift */; };
		1D1C3A9A22716B760031A9BC /* MyJogsUITests.swift in Sources */ = {isa = PBXBuildFile; fileRef = 1D1C3A9922716B760031A9BC /* MyJogsUITests.swift */; };
		1D1D1733228D6E1F00749C71 /* OnBoardingCollectionViewCell.xib in Resources */ = {isa = PBXBuildFile; fileRef = 1D1D1732228D6E1F00749C71 /* OnBoardingCollectionViewCell.xib */; };
		1D1D17352290F00B00749C71 /* UIViewController+Extensions.swift in Sources */ = {isa = PBXBuildFile; fileRef = 1D1D17342290F00B00749C71 /* UIViewController+Extensions.swift */; };
		1D32036D228B067500EB8544 /* OnBoardingViewController.swift in Sources */ = {isa = PBXBuildFile; fileRef = 1D32036C228B067500EB8544 /* OnBoardingViewController.swift */; };
		1D32036F228B076D00EB8544 /* OnBoardingViewController.xib in Resources */ = {isa = PBXBuildFile; fileRef = 1D32036E228B076D00EB8544 /* OnBoardingViewController.xib */; };
		1D320372228B0CE600EB8544 /* OnBoardingCollectionViewCell.swift in Sources */ = {isa = PBXBuildFile; fileRef = 1D320371228B0CE500EB8544 /* OnBoardingCollectionViewCell.swift */; };
		1D44216222BF511C0017C807 /* JogsService.swift in Sources */ = {isa = PBXBuildFile; fileRef = 1D44216122BF511C0017C807 /* JogsService.swift */; };
		1D44216422BF521D0017C807 /* JogModel.swift in Sources */ = {isa = PBXBuildFile; fileRef = 1D44216322BF521D0017C807 /* JogModel.swift */; };
		1D4423EC22BF58D90017C807 /* Encoadable+Extension.swift in Sources */ = {isa = PBXBuildFile; fileRef = 1D4423EB22BF58D90017C807 /* Encoadable+Extension.swift */; };
		1D4423EE22BF5D8B0017C807 /* ServiceState.swift in Sources */ = {isa = PBXBuildFile; fileRef = 1D4423ED22BF5D8B0017C807 /* ServiceState.swift */; };
		1D4423F222BFC07E0017C807 /* UserService.swift in Sources */ = {isa = PBXBuildFile; fileRef = 1D4423F122BFC07E0017C807 /* UserService.swift */; };
		1DEEF1E422BF2C0B001F1ACF /* RecordUIView.swift in Sources */ = {isa = PBXBuildFile; fileRef = 1DEEF1E322BF2C0B001F1ACF /* RecordUIView.swift */; };
		3DBA7474214DB37E2A02EE28 /* Pods_MyJogs.framework in Frameworks */ = {isa = PBXBuildFile; fileRef = AA77DD9540BE3E8B1E3D562C /* Pods_MyJogs.framework */; };
		456CC8C16CBA217D16B7A805 /* Pods_MyJogsUITests.framework in Frameworks */ = {isa = PBXBuildFile; fileRef = B7C4DF8BCDC04D5423049E65 /* Pods_MyJogsUITests.framework */; };
		A1CA5EB41B0FAD30CACA943D /* Pods_MyJogsTests.framework in Frameworks */ = {isa = PBXBuildFile; fileRef = 4DA1A862972638463062B84B /* Pods_MyJogsTests.framework */; };
/* End PBXBuildFile section */

/* Begin PBXContainerItemProxy section */
		1D1C3A8B22716B760031A9BC /* PBXContainerItemProxy */ = {
			isa = PBXContainerItemProxy;
			containerPortal = 1D1C3A6C22716B750031A9BC /* Project object */;
			proxyType = 1;
			remoteGlobalIDString = 1D1C3A7322716B750031A9BC;
			remoteInfo = MyJogs;
		};
		1D1C3A9622716B760031A9BC /* PBXContainerItemProxy */ = {
			isa = PBXContainerItemProxy;
			containerPortal = 1D1C3A6C22716B750031A9BC /* Project object */;
			proxyType = 1;
			remoteGlobalIDString = 1D1C3A7322716B750031A9BC;
			remoteInfo = MyJogs;
		};
/* End PBXContainerItemProxy section */

/* Begin PBXFileReference section */
		072CF531330F4031A6C6450B /* Pods-MyJogsTests.release.xcconfig */ = {isa = PBXFileReference; includeInIndex = 1; lastKnownFileType = text.xcconfig; name = "Pods-MyJogsTests.release.xcconfig"; path = "Pods/Target Support Files/Pods-MyJogsTests/Pods-MyJogsTests.release.xcconfig"; sourceTree = "<group>"; };
		1D0B1F632277F8890054B15B /* GoogleService-Info.plist */ = {isa = PBXFileReference; fileEncoding = 4; lastKnownFileType = text.plist.xml; path = "GoogleService-Info.plist"; sourceTree = "<group>"; };
		1D0B1F6C227836E00054B15B /* Localizable.strings */ = {isa = PBXFileReference; lastKnownFileType = text.plist.strings; path = Localizable.strings; sourceTree = "<group>"; };
		1D0B1F75227839550054B15B /* Strings.swift */ = {isa = PBXFileReference; fileEncoding = 4; lastKnownFileType = sourcecode.swift; path = Strings.swift; sourceTree = "<group>"; };
		1D0B1F76227839550054B15B /* Assets.swift */ = {isa = PBXFileReference; fileEncoding = 4; lastKnownFileType = sourcecode.swift; path = Assets.swift; sourceTree = "<group>"; };
		1D0B1F77227839550054B15B /* Fonts.swift */ = {isa = PBXFileReference; fileEncoding = 4; lastKnownFileType = sourcecode.swift; path = Fonts.swift; sourceTree = "<group>"; };
		1D0B1F78227839550054B15B /* swiftgen.sh */ = {isa = PBXFileReference; fileEncoding = 4; lastKnownFileType = text.script.sh; path = swiftgen.sh; sourceTree = "<group>"; };
		1D0B1F7E2279A7B60054B15B /* EngineComponent.swift */ = {isa = PBXFileReference; lastKnownFileType = sourcecode.swift; path = EngineComponent.swift; sourceTree = "<group>"; };
		1D0B1F802279A7DD0054B15B /* EngineContext.swift */ = {isa = PBXFileReference; lastKnownFileType = sourcecode.swift; path = EngineContext.swift; sourceTree = "<group>"; };
		1D0B1F842279A83B0054B15B /* ApiEndPoint.swift */ = {isa = PBXFileReference; lastKnownFileType = sourcecode.swift; path = ApiEndPoint.swift; sourceTree = "<group>"; };
		1D0B1F862279A87D0054B15B /* NetworkClient.swift */ = {isa = PBXFileReference; lastKnownFileType = sourcecode.swift; path = NetworkClient.swift; sourceTree = "<group>"; };
		1D0B1F882279A9150054B15B /* ApiError.swift */ = {isa = PBXFileReference; lastKnownFileType = sourcecode.swift; path = ApiError.swift; sourceTree = "<group>"; };
		1D0B1F8B2279AB7C0054B15B /* FileDataStore.swift */ = {isa = PBXFileReference; lastKnownFileType = sourcecode.swift; path = FileDataStore.swift; sourceTree = "<group>"; };
		1D0B1F8E2279AC170054B15B /* Logger.swift */ = {isa = PBXFileReference; lastKnownFileType = sourcecode.swift; path = Logger.swift; sourceTree = "<group>"; };
		1D0B1F902279AC710054B15B /* RemoteImageDataStore.swift */ = {isa = PBXFileReference; lastKnownFileType = sourcecode.swift; path = RemoteImageDataStore.swift; sourceTree = "<group>"; };
		1D0B1F932279ACC90054B15B /* ImageService.swift */ = {isa = PBXFileReference; lastKnownFileType = sourcecode.swift; path = ImageService.swift; sourceTree = "<group>"; };
		1D0B1F952279AD020054B15B /* SessionService.swift */ = {isa = PBXFileReference; lastKnownFileType = sourcecode.swift; path = SessionService.swift; sourceTree = "<group>"; };
		1D0B1F972279AD970054B15B /* Formatter.swift */ = {isa = PBXFileReference; lastKnownFileType = sourcecode.swift; path = Formatter.swift; sourceTree = "<group>"; };
		1D0B1F992279ADAF0054B15B /* SessionModel.swift */ = {isa = PBXFileReference; lastKnownFileType = sourcecode.swift; path = SessionModel.swift; sourceTree = "<group>"; };
		1D0B1F9B2279AE2F0054B15B /* Date+Extensions.swift */ = {isa = PBXFileReference; lastKnownFileType = sourcecode.swift; path = "Date+Extensions.swift"; sourceTree = "<group>"; };
		1D0B1F9D2279AEFE0054B15B /* WeakServiceOrderedSet.swift */ = {isa = PBXFileReference; lastKnownFileType = sourcecode.swift; path = WeakServiceOrderedSet.swift; sourceTree = "<group>"; };
		1D0B1F9F2279B3BB0054B15B /* Data+Extensions.swift */ = {isa = PBXFileReference; lastKnownFileType = sourcecode.swift; path = "Data+Extensions.swift"; sourceTree = "<group>"; };
		1D0B1FA12279B42B0054B15B /* URLRequest+Extension.swift */ = {isa = PBXFileReference; lastKnownFileType = sourcecode.swift; path = "URLRequest+Extension.swift"; sourceTree = "<group>"; };
		1D0B1FA32279B5550054B15B /* String+Extensions.swift */ = {isa = PBXFileReference; lastKnownFileType = sourcecode.swift; path = "String+Extensions.swift"; sourceTree = "<group>"; };
		1D0B1FA52279B68D0054B15B /* MyJogs-Bridging-Header.h */ = {isa = PBXFileReference; lastKnownFileType = sourcecode.c.h; path = "MyJogs-Bridging-Header.h"; sourceTree = "<group>"; };
		1D0B222D227BF3D80054B15B /* Engine.swift */ = {isa = PBXFileReference; lastKnownFileType = sourcecode.swift; path = Engine.swift; sourceTree = "<group>"; };
		1D0B222F227BF46C0054B15B /* ExpirableFileDataStore.swift */ = {isa = PBXFileReference; lastKnownFileType = sourcecode.swift; path = ExpirableFileDataStore.swift; sourceTree = "<group>"; };
		1D0B2231227BF4AC0054B15B /* LocationService.swift */ = {isa = PBXFileReference; lastKnownFileType = sourcecode.swift; path = LocationService.swift; sourceTree = "<group>"; };
		1D0B2233227BF7130054B15B /* EndPointMapper.swift */ = {isa = PBXFileReference; lastKnownFileType = sourcecode.swift; path = EndPointMapper.swift; sourceTree = "<group>"; };
		1D130DE422B0B1C600A2453A /* TabbarController.swift */ = {isa = PBXFileReference; lastKnownFileType = sourcecode.swift; path = TabbarController.swift; sourceTree = "<group>"; };
		1D130DE622B0B23400A2453A /* RecordViewController.swift */ = {isa = PBXFileReference; lastKnownFileType = sourcecode.swift; path = RecordViewController.swift; sourceTree = "<group>"; };
		1D130DE822B0B80C00A2453A /* UIImage+Extensions.swift */ = {isa = PBXFileReference; lastKnownFileType = sourcecode.swift; path = "UIImage+Extensions.swift"; sourceTree = "<group>"; };
		1D1963F822C4B24E00CC0DF6 /* LoginUIView.swift */ = {isa = PBXFileReference; fileEncoding = 4; lastKnownFileType = sourcecode.swift; path = LoginUIView.swift; sourceTree = "<group>"; };
		1D1963FD22C4B8A300CC0DF6 /* run.json */ = {isa = PBXFileReference; fileEncoding = 4; lastKnownFileType = text.json; path = run.json; sourceTree = "<group>"; };
		1D1963FF22C5B95A00CC0DF6 /* Constants.swift */ = {isa = PBXFileReference; lastKnownFileType = sourcecode.swift; path = Constants.swift; sourceTree = "<group>"; };
		1D19640222C5E22400CC0DF6 /* LottieUIView.swift */ = {isa = PBXFileReference; lastKnownFileType = sourcecode.swift; path = LottieUIView.swift; sourceTree = "<group>"; };
		1D19640522C6120A00CC0DF6 /* SignUIView.swift */ = {isa = PBXFileReference; lastKnownFileType = sourcecode.swift; path = SignUIView.swift; sourceTree = "<group>"; };
		1D19640722C895C500CC0DF6 /* UserModel.swift */ = {isa = PBXFileReference; lastKnownFileType = sourcecode.swift; path = UserModel.swift; sourceTree = "<group>"; };
		1D1C3A7422716B750031A9BC /* MyJogs.app */ = {isa = PBXFileReference; explicitFileType = wrapper.application; includeInIndex = 0; path = MyJogs.app; sourceTree = BUILT_PRODUCTS_DIR; };
		1D1C3A7722716B750031A9BC /* AppDelegate.swift */ = {isa = PBXFileReference; lastKnownFileType = sourcecode.swift; path = AppDelegate.swift; sourceTree = "<group>"; };
		1D1C3A7922716B750031A9BC /* FirstViewController.swift */ = {isa = PBXFileReference; lastKnownFileType = sourcecode.swift; path = FirstViewController.swift; sourceTree = "<group>"; };
		1D1C3A7B22716B750031A9BC /* SecondViewController.swift */ = {isa = PBXFileReference; lastKnownFileType = sourcecode.swift; path = SecondViewController.swift; sourceTree = "<group>"; };
		1D1C3A7E22716B750031A9BC /* Base */ = {isa = PBXFileReference; lastKnownFileType = file.storyboard; name = Base; path = Base.lproj/Main.storyboard; sourceTree = "<group>"; };
		1D1C3A8022716B760031A9BC /* Assets.xcassets */ = {isa = PBXFileReference; lastKnownFileType = folder.assetcatalog; path = Assets.xcassets; sourceTree = "<group>"; };
		1D1C3A8322716B760031A9BC /* Base */ = {isa = PBXFileReference; lastKnownFileType = file.storyboard; name = Base; path = Base.lproj/LaunchScreen.storyboard; sourceTree = "<group>"; };
		1D1C3A8522716B760031A9BC /* Info.plist */ = {isa = PBXFileReference; lastKnownFileType = text.plist.xml; path = Info.plist; sourceTree = "<group>"; };
		1D1C3A8A22716B760031A9BC /* MyJogsTests.xctest */ = {isa = PBXFileReference; explicitFileType = wrapper.cfbundle; includeInIndex = 0; path = MyJogsTests.xctest; sourceTree = BUILT_PRODUCTS_DIR; };
		1D1C3A8E22716B760031A9BC /* MyJogsTests.swift */ = {isa = PBXFileReference; lastKnownFileType = sourcecode.swift; path = MyJogsTests.swift; sourceTree = "<group>"; };
		1D1C3A9022716B760031A9BC /* Info.plist */ = {isa = PBXFileReference; lastKnownFileType = text.plist.xml; path = Info.plist; sourceTree = "<group>"; };
		1D1C3A9522716B760031A9BC /* MyJogsUITests.xctest */ = {isa = PBXFileReference; explicitFileType = wrapper.cfbundle; includeInIndex = 0; path = MyJogsUITests.xctest; sourceTree = BUILT_PRODUCTS_DIR; };
		1D1C3A9922716B760031A9BC /* MyJogsUITests.swift */ = {isa = PBXFileReference; lastKnownFileType = sourcecode.swift; path = MyJogsUITests.swift; sourceTree = "<group>"; };
		1D1C3A9B22716B760031A9BC /* Info.plist */ = {isa = PBXFileReference; lastKnownFileType = text.plist.xml; path = Info.plist; sourceTree = "<group>"; };
		1D1D1732228D6E1F00749C71 /* OnBoardingCollectionViewCell.xib */ = {isa = PBXFileReference; lastKnownFileType = file.xib; path = OnBoardingCollectionViewCell.xib; sourceTree = "<group>"; };
		1D1D17342290F00B00749C71 /* UIViewController+Extensions.swift */ = {isa = PBXFileReference; lastKnownFileType = sourcecode.swift; path = "UIViewController+Extensions.swift"; sourceTree = "<group>"; };
		1D32036C228B067500EB8544 /* OnBoardingViewController.swift */ = {isa = PBXFileReference; lastKnownFileType = sourcecode.swift; path = OnBoardingViewController.swift; sourceTree = "<group>"; };
		1D32036E228B076D00EB8544 /* OnBoardingViewController.xib */ = {isa = PBXFileReference; lastKnownFileType = file.xib; path = OnBoardingViewController.xib; sourceTree = "<group>"; };
		1D320371228B0CE500EB8544 /* OnBoardingCollectionViewCell.swift */ = {isa = PBXFileReference; lastKnownFileType = sourcecode.swift; path = OnBoardingCollectionViewCell.swift; sourceTree = "<group>"; };
		1D44216122BF511C0017C807 /* JogsService.swift */ = {isa = PBXFileReference; lastKnownFileType = sourcecode.swift; path = JogsService.swift; sourceTree = "<group>"; };
		1D44216322BF521D0017C807 /* JogModel.swift */ = {isa = PBXFileReference; lastKnownFileType = sourcecode.swift; path = JogModel.swift; sourceTree = "<group>"; };
		1D4423EB22BF58D90017C807 /* Encoadable+Extension.swift */ = {isa = PBXFileReference; lastKnownFileType = sourcecode.swift; path = "Encoadable+Extension.swift"; sourceTree = "<group>"; };
		1D4423ED22BF5D8B0017C807 /* ServiceState.swift */ = {isa = PBXFileReference; lastKnownFileType = sourcecode.swift; path = ServiceState.swift; sourceTree = "<group>"; };
		1D4423F122BFC07E0017C807 /* UserService.swift */ = {isa = PBXFileReference; lastKnownFileType = sourcecode.swift; path = UserService.swift; sourceTree = "<group>"; };
		1DEEF1E322BF2C0B001F1ACF /* RecordUIView.swift */ = {isa = PBXFileReference; lastKnownFileType = sourcecode.swift; path = RecordUIView.swift; sourceTree = "<group>"; };
		4DA1A862972638463062B84B /* Pods_MyJogsTests.framework */ = {isa = PBXFileReference; explicitFileType = wrapper.framework; includeInIndex = 0; path = Pods_MyJogsTests.framework; sourceTree = BUILT_PRODUCTS_DIR; };
		5C9DA5C85827C01154D09ECA /* Pods-MyJogsUITests.release.xcconfig */ = {isa = PBXFileReference; includeInIndex = 1; lastKnownFileType = text.xcconfig; name = "Pods-MyJogsUITests.release.xcconfig"; path = "Pods/Target Support Files/Pods-MyJogsUITests/Pods-MyJogsUITests.release.xcconfig"; sourceTree = "<group>"; };
		644FD53219CFB59BD14C150B /* Pods-MyJogs.debug.xcconfig */ = {isa = PBXFileReference; includeInIndex = 1; lastKnownFileType = text.xcconfig; name = "Pods-MyJogs.debug.xcconfig"; path = "Pods/Target Support Files/Pods-MyJogs/Pods-MyJogs.debug.xcconfig"; sourceTree = "<group>"; };
		7E0E0E329AB4F09C38840F3C /* Pods-MyJogsTests.debug.xcconfig */ = {isa = PBXFileReference; includeInIndex = 1; lastKnownFileType = text.xcconfig; name = "Pods-MyJogsTests.debug.xcconfig"; path = "Pods/Target Support Files/Pods-MyJogsTests/Pods-MyJogsTests.debug.xcconfig"; sourceTree = "<group>"; };
		9D283D9D90100A7F80D594CA /* Pods-MyJogsUITests.debug.xcconfig */ = {isa = PBXFileReference; includeInIndex = 1; lastKnownFileType = text.xcconfig; name = "Pods-MyJogsUITests.debug.xcconfig"; path = "Pods/Target Support Files/Pods-MyJogsUITests/Pods-MyJogsUITests.debug.xcconfig"; sourceTree = "<group>"; };
		AA77DD9540BE3E8B1E3D562C /* Pods_MyJogs.framework */ = {isa = PBXFileReference; explicitFileType = wrapper.framework; includeInIndex = 0; path = Pods_MyJogs.framework; sourceTree = BUILT_PRODUCTS_DIR; };
		B7C4DF8BCDC04D5423049E65 /* Pods_MyJogsUITests.framework */ = {isa = PBXFileReference; explicitFileType = wrapper.framework; includeInIndex = 0; path = Pods_MyJogsUITests.framework; sourceTree = BUILT_PRODUCTS_DIR; };
		C12D226129E7E55E50E949F6 /* Pods-MyJogs.release.xcconfig */ = {isa = PBXFileReference; includeInIndex = 1; lastKnownFileType = text.xcconfig; name = "Pods-MyJogs.release.xcconfig"; path = "Pods/Target Support Files/Pods-MyJogs/Pods-MyJogs.release.xcconfig"; sourceTree = "<group>"; };
/* End PBXFileReference section */

/* Begin PBXFrameworksBuildPhase section */
		1D1C3A7122716B750031A9BC /* Frameworks */ = {
			isa = PBXFrameworksBuildPhase;
			buildActionMask = 2147483647;
			files = (
				3DBA7474214DB37E2A02EE28 /* Pods_MyJogs.framework in Frameworks */,
			);
			runOnlyForDeploymentPostprocessing = 0;
		};
		1D1C3A8722716B760031A9BC /* Frameworks */ = {
			isa = PBXFrameworksBuildPhase;
			buildActionMask = 2147483647;
			files = (
				A1CA5EB41B0FAD30CACA943D /* Pods_MyJogsTests.framework in Frameworks */,
			);
			runOnlyForDeploymentPostprocessing = 0;
		};
		1D1C3A9222716B760031A9BC /* Frameworks */ = {
			isa = PBXFrameworksBuildPhase;
			buildActionMask = 2147483647;
			files = (
				456CC8C16CBA217D16B7A805 /* Pods_MyJogsUITests.framework in Frameworks */,
			);
			runOnlyForDeploymentPostprocessing = 0;
		};
/* End PBXFrameworksBuildPhase section */

/* Begin PBXGroup section */
		1D0B1F6B227836AA0054B15B /* Ressources */ = {
			isa = PBXGroup;
			children = (
				1D1963FA22C4B2BA00CC0DF6 /* Lottie */,
				1D1C3A8022716B760031A9BC /* Assets.xcassets */,
				1D0B1F6C227836E00054B15B /* Localizable.strings */,
			);
			path = Ressources;
			sourceTree = "<group>";
		};
		1D0B1F6E2278370E0054B15B /* Controllers */ = {
			isa = PBXGroup;
			children = (
				1D19640122C5E20D00CC0DF6 /* UIViews */,
				1D1C3A7922716B750031A9BC /* FirstViewController.swift */,
				1D1C3A7B22716B750031A9BC /* SecondViewController.swift */,
				1D1C3A7D22716B750031A9BC /* Main.storyboard */,
				1D32036C228B067500EB8544 /* OnBoardingViewController.swift */,
				1D32036E228B076D00EB8544 /* OnBoardingViewController.xib */,
				1D130DE422B0B1C600A2453A /* TabbarController.swift */,
				1D130DE622B0B23400A2453A /* RecordViewController.swift */,
			);
			path = Controllers;
			sourceTree = "<group>";
		};
		1D0B1F6F227837B90054B15B /* Views */ = {
			isa = PBXGroup;
			children = (
				1D320370228B0CCA00EB8544 /* CollectionViewCell */,
			);
			path = Views;
			sourceTree = "<group>";
		};
		1D0B1F70227837C30054B15B /* Model */ = {
			isa = PBXGroup;
			children = (
				1D0B1F992279ADAF0054B15B /* SessionModel.swift */,
				1D44216322BF521D0017C807 /* JogModel.swift */,
				1D19640722C895C500CC0DF6 /* UserModel.swift */,
			);
			path = Model;
			sourceTree = "<group>";
		};
		1D0B1F71227837D40054B15B /* Engine */ = {
			isa = PBXGroup;
			children = (
				1D0B1F922279ACB30054B15B /* Services */,
				1D0B1F822279A81C0054B15B /* Capabilities */,
				1D0B1F7D2279A7880054B15B /* Core */,
			);
			path = Engine;
			sourceTree = "<group>";
		};
		1D0B1F74227839550054B15B /* Generated */ = {
			isa = PBXGroup;
			children = (
				1D0B1F75227839550054B15B /* Strings.swift */,
				1D0B1F76227839550054B15B /* Assets.swift */,
				1D0B1F77227839550054B15B /* Fonts.swift */,
				1D0B1F78227839550054B15B /* swiftgen.sh */,
			);
			path = Generated;
			sourceTree = "<group>";
		};
		1D0B1F7D2279A7880054B15B /* Core */ = {
			isa = PBXGroup;
			children = (
				1D0B222D227BF3D80054B15B /* Engine.swift */,
				1D0B1F7E2279A7B60054B15B /* EngineComponent.swift */,
				1D0B1F802279A7DD0054B15B /* EngineContext.swift */,
			);
			path = Core;
			sourceTree = "<group>";
		};
		1D0B1F822279A81C0054B15B /* Capabilities */ = {
			isa = PBXGroup;
			children = (
				1D0B1F8A2279AB650054B15B /* Storage */,
				1D0B1F832279A8260054B15B /* Network */,
				1D4423ED22BF5D8B0017C807 /* ServiceState.swift */,
			);
			path = Capabilities;
			sourceTree = "<group>";
		};
		1D0B1F832279A8260054B15B /* Network */ = {
			isa = PBXGroup;
			children = (
				1D0B1F842279A83B0054B15B /* ApiEndPoint.swift */,
				1D0B1F862279A87D0054B15B /* NetworkClient.swift */,
				1D0B1F882279A9150054B15B /* ApiError.swift */,
				1D0B2233227BF7130054B15B /* EndPointMapper.swift */,
			);
			path = Network;
			sourceTree = "<group>";
		};
		1D0B1F8A2279AB650054B15B /* Storage */ = {
			isa = PBXGroup;
			children = (
				1D0B1F8B2279AB7C0054B15B /* FileDataStore.swift */,
				1D0B1F902279AC710054B15B /* RemoteImageDataStore.swift */,
				1D0B222F227BF46C0054B15B /* ExpirableFileDataStore.swift */,
			);
			path = Storage;
			sourceTree = "<group>";
		};
		1D0B1F8D2279ABFF0054B15B /* Helper */ = {
			isa = PBXGroup;
			children = (
				1D0B1F8E2279AC170054B15B /* Logger.swift */,
				1D0B1F972279AD970054B15B /* Formatter.swift */,
				1D0B1F9B2279AE2F0054B15B /* Date+Extensions.swift */,
				1D0B1F9F2279B3BB0054B15B /* Data+Extensions.swift */,
				1D0B1FA12279B42B0054B15B /* URLRequest+Extension.swift */,
				1D0B1FA32279B5550054B15B /* String+Extensions.swift */,
				1D1D17342290F00B00749C71 /* UIViewController+Extensions.swift */,
				1D130DE822B0B80C00A2453A /* UIImage+Extensions.swift */,
				1D4423EB22BF58D90017C807 /* Encoadable+Extension.swift */,
				1D1963FF22C5B95A00CC0DF6 /* Constants.swift */,
			);
			path = Helper;
			sourceTree = "<group>";
		};
		1D0B1F922279ACB30054B15B /* Services */ = {
			isa = PBXGroup;
			children = (
				1D0B1F932279ACC90054B15B /* ImageService.swift */,
				1D0B1F952279AD020054B15B /* SessionService.swift */,
				1D0B1F9D2279AEFE0054B15B /* WeakServiceOrderedSet.swift */,
				1D0B2231227BF4AC0054B15B /* LocationService.swift */,
				1D44216122BF511C0017C807 /* JogsService.swift */,
				1D4423F122BFC07E0017C807 /* UserService.swift */,
			);
			path = Services;
			sourceTree = "<group>";
		};
		1D1963FA22C4B2BA00CC0DF6 /* Lottie */ = {
			isa = PBXGroup;
			children = (
				1D1963FD22C4B8A300CC0DF6 /* run.json */,
			);
			path = Lottie;
			sourceTree = "<group>";
		};
		1D19640122C5E20D00CC0DF6 /* UIViews */ = {
			isa = PBXGroup;
			children = (
				1D19640422C5E3A400CC0DF6 /* Components */,
				1DEEF1E322BF2C0B001F1ACF /* RecordUIView.swift */,
				1D1963F822C4B24E00CC0DF6 /* LoginUIView.swift */,
				1D19640522C6120A00CC0DF6 /* SignUIView.swift */,
			);
			path = UIViews;
			sourceTree = "<group>";
		};
		1D19640422C5E3A400CC0DF6 /* Components */ = {
			isa = PBXGroup;
			children = (
				1D19640222C5E22400CC0DF6 /* LottieUIView.swift */,
			);
			path = Components;
			sourceTree = "<group>";
		};
		1D1C3A6B22716B750031A9BC = {
			isa = PBXGroup;
			children = (
				1D1C3A7622716B750031A9BC /* MyJogs */,
				1D1C3A8D22716B760031A9BC /* MyJogsTests */,
				1D1C3A9822716B760031A9BC /* MyJogsUITests */,
				1D1C3A7522716B750031A9BC /* Products */,
				B92F4C66B117F5276A2D57AF /* Pods */,
				9FDDA3052F27242F68948D66 /* Frameworks */,
			);
			sourceTree = "<group>";
		};
		1D1C3A7522716B750031A9BC /* Products */ = {
			isa = PBXGroup;
			children = (
				1D1C3A7422716B750031A9BC /* MyJogs.app */,
				1D1C3A8A22716B760031A9BC /* MyJogsTests.xctest */,
				1D1C3A9522716B760031A9BC /* MyJogsUITests.xctest */,
			);
			name = Products;
			sourceTree = "<group>";
		};
		1D1C3A7622716B750031A9BC /* MyJogs */ = {
			isa = PBXGroup;
			children = (
				1D0B1F8D2279ABFF0054B15B /* Helper */,
				1D0B1F74227839550054B15B /* Generated */,
				1D0B1F71227837D40054B15B /* Engine */,
				1D0B1F70227837C30054B15B /* Model */,
				1D0B1F6F227837B90054B15B /* Views */,
				1D0B1F6E2278370E0054B15B /* Controllers */,
				1D0B1F6B227836AA0054B15B /* Ressources */,
				1D1C3A7722716B750031A9BC /* AppDelegate.swift */,
				1D1C3A8222716B760031A9BC /* LaunchScreen.storyboard */,
				1D1C3A8522716B760031A9BC /* Info.plist */,
				1D0B1F632277F8890054B15B /* GoogleService-Info.plist */,
				1D0B1FA52279B68D0054B15B /* MyJogs-Bridging-Header.h */,
			);
			path = MyJogs;
			sourceTree = "<group>";
		};
		1D1C3A8D22716B760031A9BC /* MyJogsTests */ = {
			isa = PBXGroup;
			children = (
				1D1C3A8E22716B760031A9BC /* MyJogsTests.swift */,
				1D1C3A9022716B760031A9BC /* Info.plist */,
			);
			path = MyJogsTests;
			sourceTree = "<group>";
		};
		1D1C3A9822716B760031A9BC /* MyJogsUITests */ = {
			isa = PBXGroup;
			children = (
				1D1C3A9922716B760031A9BC /* MyJogsUITests.swift */,
				1D1C3A9B22716B760031A9BC /* Info.plist */,
			);
			path = MyJogsUITests;
			sourceTree = "<group>";
		};
		1D320370228B0CCA00EB8544 /* CollectionViewCell */ = {
			isa = PBXGroup;
			children = (
				1D320371228B0CE500EB8544 /* OnBoardingCollectionViewCell.swift */,
				1D1D1732228D6E1F00749C71 /* OnBoardingCollectionViewCell.xib */,
			);
			path = CollectionViewCell;
			sourceTree = "<group>";
		};
		9FDDA3052F27242F68948D66 /* Frameworks */ = {
			isa = PBXGroup;
			children = (
				AA77DD9540BE3E8B1E3D562C /* Pods_MyJogs.framework */,
				4DA1A862972638463062B84B /* Pods_MyJogsTests.framework */,
				B7C4DF8BCDC04D5423049E65 /* Pods_MyJogsUITests.framework */,
			);
			name = Frameworks;
			sourceTree = "<group>";
		};
		B92F4C66B117F5276A2D57AF /* Pods */ = {
			isa = PBXGroup;
			children = (
				644FD53219CFB59BD14C150B /* Pods-MyJogs.debug.xcconfig */,
				C12D226129E7E55E50E949F6 /* Pods-MyJogs.release.xcconfig */,
				7E0E0E329AB4F09C38840F3C /* Pods-MyJogsTests.debug.xcconfig */,
				072CF531330F4031A6C6450B /* Pods-MyJogsTests.release.xcconfig */,
				9D283D9D90100A7F80D594CA /* Pods-MyJogsUITests.debug.xcconfig */,
				5C9DA5C85827C01154D09ECA /* Pods-MyJogsUITests.release.xcconfig */,
			);
			name = Pods;
			sourceTree = "<group>";
		};
/* End PBXGroup section */

/* Begin PBXNativeTarget section */
		1D1C3A7322716B750031A9BC /* MyJogs */ = {
			isa = PBXNativeTarget;
			buildConfigurationList = 1D1C3A9E22716B760031A9BC /* Build configuration list for PBXNativeTarget "MyJogs" */;
			buildPhases = (
				CBEC7717E094F550E0CF45D3 /* [CP] Check Pods Manifest.lock */,
				1D0B1F6A227835B80054B15B /* Swift Gen */,
				1D1C3A7022716B750031A9BC /* Sources */,
				1D1C3A7122716B750031A9BC /* Frameworks */,
				1D1C3A7222716B750031A9BC /* Resources */,
				55D2C290F753C2D7769EC72F /* [CP] Embed Pods Frameworks */,
				1D1C3AA722716FC60031A9BC /* Swift Lint */,
				1D0B1F622277F5A10054B15B /* Crashlytics */,
			);
			buildRules = (
			);
			dependencies = (
			);
			name = MyJogs;
			productName = MyJogs;
			productReference = 1D1C3A7422716B750031A9BC /* MyJogs.app */;
			productType = "com.apple.product-type.application";
		};
		1D1C3A8922716B760031A9BC /* MyJogsTests */ = {
			isa = PBXNativeTarget;
			buildConfigurationList = 1D1C3AA122716B760031A9BC /* Build configuration list for PBXNativeTarget "MyJogsTests" */;
			buildPhases = (
				4F1FF5A2ACBE2AA3E5F58F09 /* [CP] Check Pods Manifest.lock */,
				1D1C3A8622716B760031A9BC /* Sources */,
				1D1C3A8722716B760031A9BC /* Frameworks */,
				1D1C3A8822716B760031A9BC /* Resources */,
			);
			buildRules = (
			);
			dependencies = (
				1D1C3A8C22716B760031A9BC /* PBXTargetDependency */,
			);
			name = MyJogsTests;
			productName = MyJogsTests;
			productReference = 1D1C3A8A22716B760031A9BC /* MyJogsTests.xctest */;
			productType = "com.apple.product-type.bundle.unit-test";
		};
		1D1C3A9422716B760031A9BC /* MyJogsUITests */ = {
			isa = PBXNativeTarget;
			buildConfigurationList = 1D1C3AA422716B760031A9BC /* Build configuration list for PBXNativeTarget "MyJogsUITests" */;
			buildPhases = (
				2CFD02092C44DBBB2F301195 /* [CP] Check Pods Manifest.lock */,
				1D1C3A9122716B760031A9BC /* Sources */,
				1D1C3A9222716B760031A9BC /* Frameworks */,
				1D1C3A9322716B760031A9BC /* Resources */,
			);
			buildRules = (
			);
			dependencies = (
				1D1C3A9722716B760031A9BC /* PBXTargetDependency */,
			);
			name = MyJogsUITests;
			productName = MyJogsUITests;
			productReference = 1D1C3A9522716B760031A9BC /* MyJogsUITests.xctest */;
			productType = "com.apple.product-type.bundle.ui-testing";
		};
/* End PBXNativeTarget section */

/* Begin PBXProject section */
		1D1C3A6C22716B750031A9BC /* Project object */ = {
			isa = PBXProject;
			attributes = {
				LastSwiftUpdateCheck = 1020;
				LastUpgradeCheck = 1020;
				ORGANIZATIONNAME = "thomas lacan";
				TargetAttributes = {
					1D1C3A7322716B750031A9BC = {
						CreatedOnToolsVersion = 10.2;
					};
					1D1C3A8922716B760031A9BC = {
						CreatedOnToolsVersion = 10.2;
						TestTargetID = 1D1C3A7322716B750031A9BC;
					};
					1D1C3A9422716B760031A9BC = {
						CreatedOnToolsVersion = 10.2;
						TestTargetID = 1D1C3A7322716B750031A9BC;
					};
				};
			};
			buildConfigurationList = 1D1C3A6F22716B750031A9BC /* Build configuration list for PBXProject "MyJogs" */;
			compatibilityVersion = "Xcode 9.3";
			developmentRegion = en;
			hasScannedForEncodings = 0;
			knownRegions = (
				en,
				Base,
			);
			mainGroup = 1D1C3A6B22716B750031A9BC;
			productRefGroup = 1D1C3A7522716B750031A9BC /* Products */;
			projectDirPath = "";
			projectRoot = "";
			targets = (
				1D1C3A7322716B750031A9BC /* MyJogs */,
				1D1C3A8922716B760031A9BC /* MyJogsTests */,
				1D1C3A9422716B760031A9BC /* MyJogsUITests */,
			);
		};
/* End PBXProject section */

/* Begin PBXResourcesBuildPhase section */
		1D1C3A7222716B750031A9BC /* Resources */ = {
			isa = PBXResourcesBuildPhase;
			buildActionMask = 2147483647;
			files = (
				1D32036F228B076D00EB8544 /* OnBoardingViewController.xib in Resources */,
				1D0B1F6D227836E00054B15B /* Localizable.strings in Resources */,
				1D0B1F7C227839550054B15B /* swiftgen.sh in Resources */,
				1D1C3A8422716B760031A9BC /* LaunchScreen.storyboard in Resources */,
				1D0B1F642277F8890054B15B /* GoogleService-Info.plist in Resources */,
				1D1C3A8122716B760031A9BC /* Assets.xcassets in Resources */,
				1D1D1733228D6E1F00749C71 /* OnBoardingCollectionViewCell.xib in Resources */,
				1D1963FE22C4B8A300CC0DF6 /* run.json in Resources */,
				1D1C3A7F22716B750031A9BC /* Main.storyboard in Resources */,
			);
			runOnlyForDeploymentPostprocessing = 0;
		};
		1D1C3A8822716B760031A9BC /* Resources */ = {
			isa = PBXResourcesBuildPhase;
			buildActionMask = 2147483647;
			files = (
			);
			runOnlyForDeploymentPostprocessing = 0;
		};
		1D1C3A9322716B760031A9BC /* Resources */ = {
			isa = PBXResourcesBuildPhase;
			buildActionMask = 2147483647;
			files = (
			);
			runOnlyForDeploymentPostprocessing = 0;
		};
/* End PBXResourcesBuildPhase section */

/* Begin PBXShellScriptBuildPhase section */
		1D0B1F622277F5A10054B15B /* Crashlytics */ = {
			isa = PBXShellScriptBuildPhase;
			buildActionMask = 2147483647;
			files = (
			);
			inputFileListPaths = (
				"$(BUILT_PRODUCTS_DIR)/$(INFOPLIST_PATH)",
			);
			inputPaths = (
			);
			name = Crashlytics;
			outputFileListPaths = (
			);
			outputPaths = (
			);
			runOnlyForDeploymentPostprocessing = 0;
			shellPath = /bin/sh;
			shellScript = "\"${PODS_ROOT}/Fabric/run\"\n";
		};
		1D0B1F6A227835B80054B15B /* Swift Gen */ = {
			isa = PBXShellScriptBuildPhase;
			buildActionMask = 2147483647;
			files = (
			);
			inputFileListPaths = (
			);
			inputPaths = (
			);
			name = "Swift Gen";
			outputFileListPaths = (
			);
			outputPaths = (
			);
			runOnlyForDeploymentPostprocessing = 0;
			shellPath = /bin/sh;
			shellScript = "${SRCROOT}/MyJogs/Generated/swiftgen.sh\n\n";
		};
		1D1C3AA722716FC60031A9BC /* Swift Lint */ = {
			isa = PBXShellScriptBuildPhase;
			buildActionMask = 2147483647;
			files = (
			);
			inputFileListPaths = (
			);
			inputPaths = (
			);
			name = "Swift Lint";
			outputFileListPaths = (
			);
			outputPaths = (
			);
			runOnlyForDeploymentPostprocessing = 0;
			shellPath = /bin/sh;
			shellScript = "\"${PODS_ROOT}/SwiftLint/swiftlint\"\n";
		};
		2CFD02092C44DBBB2F301195 /* [CP] Check Pods Manifest.lock */ = {
			isa = PBXShellScriptBuildPhase;
			buildActionMask = 2147483647;
			files = (
			);
			inputFileListPaths = (
			);
			inputPaths = (
				"${PODS_PODFILE_DIR_PATH}/Podfile.lock",
				"${PODS_ROOT}/Manifest.lock",
			);
			name = "[CP] Check Pods Manifest.lock";
			outputFileListPaths = (
			);
			outputPaths = (
				"$(DERIVED_FILE_DIR)/Pods-MyJogsUITests-checkManifestLockResult.txt",
			);
			runOnlyForDeploymentPostprocessing = 0;
			shellPath = /bin/sh;
			shellScript = "diff \"${PODS_PODFILE_DIR_PATH}/Podfile.lock\" \"${PODS_ROOT}/Manifest.lock\" > /dev/null\nif [ $? != 0 ] ; then\n    # print error to STDERR\n    echo \"error: The sandbox is not in sync with the Podfile.lock. Run 'pod install' or update your CocoaPods installation.\" >&2\n    exit 1\nfi\n# This output is used by Xcode 'outputs' to avoid re-running this script phase.\necho \"SUCCESS\" > \"${SCRIPT_OUTPUT_FILE_0}\"\n";
			showEnvVarsInLog = 0;
		};
		4F1FF5A2ACBE2AA3E5F58F09 /* [CP] Check Pods Manifest.lock */ = {
			isa = PBXShellScriptBuildPhase;
			buildActionMask = 2147483647;
			files = (
			);
			inputFileListPaths = (
			);
			inputPaths = (
				"${PODS_PODFILE_DIR_PATH}/Podfile.lock",
				"${PODS_ROOT}/Manifest.lock",
			);
			name = "[CP] Check Pods Manifest.lock";
			outputFileListPaths = (
			);
			outputPaths = (
				"$(DERIVED_FILE_DIR)/Pods-MyJogsTests-checkManifestLockResult.txt",
			);
			runOnlyForDeploymentPostprocessing = 0;
			shellPath = /bin/sh;
			shellScript = "diff \"${PODS_PODFILE_DIR_PATH}/Podfile.lock\" \"${PODS_ROOT}/Manifest.lock\" > /dev/null\nif [ $? != 0 ] ; then\n    # print error to STDERR\n    echo \"error: The sandbox is not in sync with the Podfile.lock. Run 'pod install' or update your CocoaPods installation.\" >&2\n    exit 1\nfi\n# This output is used by Xcode 'outputs' to avoid re-running this script phase.\necho \"SUCCESS\" > \"${SCRIPT_OUTPUT_FILE_0}\"\n";
			showEnvVarsInLog = 0;
		};
		55D2C290F753C2D7769EC72F /* [CP] Embed Pods Frameworks */ = {
			isa = PBXShellScriptBuildPhase;
			buildActionMask = 2147483647;
			files = (
			);
			inputFileListPaths = (
			);
			inputPaths = (
				"${SRCROOT}/Pods/Target Support Files/Pods-MyJogs/Pods-MyJogs-frameworks.sh",
				"${BUILT_PRODUCTS_DIR}/Bagel/Bagel.framework",
				"${BUILT_PRODUCTS_DIR}/CocoaAsyncSocket/CocoaAsyncSocket.framework",
				"${BUILT_PRODUCTS_DIR}/GoogleUtilities/GoogleUtilities.framework",
				"${BUILT_PRODUCTS_DIR}/KeychainSwift/KeychainSwift.framework",
				"${BUILT_PRODUCTS_DIR}/lottie-ios/Lottie.framework",
				"${BUILT_PRODUCTS_DIR}/nanopb/nanopb.framework",
			);
			name = "[CP] Embed Pods Frameworks";
			outputFileListPaths = (
			);
			outputPaths = (
				"${TARGET_BUILD_DIR}/${FRAMEWORKS_FOLDER_PATH}/Bagel.framework",
				"${TARGET_BUILD_DIR}/${FRAMEWORKS_FOLDER_PATH}/CocoaAsyncSocket.framework",
				"${TARGET_BUILD_DIR}/${FRAMEWORKS_FOLDER_PATH}/GoogleUtilities.framework",
				"${TARGET_BUILD_DIR}/${FRAMEWORKS_FOLDER_PATH}/KeychainSwift.framework",
				"${TARGET_BUILD_DIR}/${FRAMEWORKS_FOLDER_PATH}/Lottie.framework",
				"${TARGET_BUILD_DIR}/${FRAMEWORKS_FOLDER_PATH}/nanopb.framework",
			);
			runOnlyForDeploymentPostprocessing = 0;
			shellPath = /bin/sh;
			shellScript = "\"${SRCROOT}/Pods/Target Support Files/Pods-MyJogs/Pods-MyJogs-frameworks.sh\"\n";
			showEnvVarsInLog = 0;
		};
		CBEC7717E094F550E0CF45D3 /* [CP] Check Pods Manifest.lock */ = {
			isa = PBXShellScriptBuildPhase;
			buildActionMask = 2147483647;
			files = (
			);
			inputFileListPaths = (
			);
			inputPaths = (
				"${PODS_PODFILE_DIR_PATH}/Podfile.lock",
				"${PODS_ROOT}/Manifest.lock",
			);
			name = "[CP] Check Pods Manifest.lock";
			outputFileListPaths = (
			);
			outputPaths = (
				"$(DERIVED_FILE_DIR)/Pods-MyJogs-checkManifestLockResult.txt",
			);
			runOnlyForDeploymentPostprocessing = 0;
			shellPath = /bin/sh;
			shellScript = "diff \"${PODS_PODFILE_DIR_PATH}/Podfile.lock\" \"${PODS_ROOT}/Manifest.lock\" > /dev/null\nif [ $? != 0 ] ; then\n    # print error to STDERR\n    echo \"error: The sandbox is not in sync with the Podfile.lock. Run 'pod install' or update your CocoaPods installation.\" >&2\n    exit 1\nfi\n# This output is used by Xcode 'outputs' to avoid re-running this script phase.\necho \"SUCCESS\" > \"${SCRIPT_OUTPUT_FILE_0}\"\n";
			showEnvVarsInLog = 0;
		};
/* End PBXShellScriptBuildPhase section */

/* Begin PBXSourcesBuildPhase section */
		1D1C3A7022716B750031A9BC /* Sources */ = {
			isa = PBXSourcesBuildPhase;
			buildActionMask = 2147483647;
			files = (
				1D320372228B0CE600EB8544 /* OnBoardingCollectionViewCell.swift in Sources */,
				1D0B1F892279A9150054B15B /* ApiError.swift in Sources */,
				1D44216422BF521D0017C807 /* JogModel.swift in Sources */,
				1D1C3A7C22716B750031A9BC /* SecondViewController.swift in Sources */,
				1D0B1F9A2279ADAF0054B15B /* SessionModel.swift in Sources */,
				1D0B2230227BF46C0054B15B /* ExpirableFileDataStore.swift in Sources */,
				1D0B1F872279A87D0054B15B /* NetworkClient.swift in Sources */,
				1D4423EC22BF58D90017C807 /* Encoadable+Extension.swift in Sources */,
				1D0B1F812279A7DD0054B15B /* EngineContext.swift in Sources */,
				1D0B1F962279AD020054B15B /* SessionService.swift in Sources */,
				1D19640822C895C500CC0DF6 /* UserModel.swift in Sources */,
				1D1C3A7822716B750031A9BC /* AppDelegate.swift in Sources */,
				1D0B1F79227839550054B15B /* Strings.swift in Sources */,
				1D130DE522B0B1C600A2453A /* TabbarController.swift in Sources */,
				1D0B1F9E2279AEFE0054B15B /* WeakServiceOrderedSet.swift in Sources */,
				1D44216222BF511C0017C807 /* JogsService.swift in Sources */,
				1D19640322C5E22400CC0DF6 /* LottieUIView.swift in Sources */,
				1D0B1FA22279B42B0054B15B /* URLRequest+Extension.swift in Sources */,
				1D0B1F7A227839550054B15B /* Assets.swift in Sources */,
				1D0B1F9C2279AE2F0054B15B /* Date+Extensions.swift in Sources */,
				1D130DE922B0B80C00A2453A /* UIImage+Extensions.swift in Sources */,
				1D0B1F852279A83B0054B15B /* ApiEndPoint.swift in Sources */,
				1D0B222E227BF3D80054B15B /* Engine.swift in Sources */,
				1D0B1F942279ACC90054B15B /* ImageService.swift in Sources */,
				1DEEF1E422BF2C0B001F1ACF /* RecordUIView.swift in Sources */,
				1D0B1F7B227839550054B15B /* Fonts.swift in Sources */,
				1D19640022C5B95A00CC0DF6 /* Constants.swift in Sources */,
				1D130DE722B0B23400A2453A /* RecordViewController.swift in Sources */,
				1D4423EE22BF5D8B0017C807 /* ServiceState.swift in Sources */,
				1D0B1F982279AD970054B15B /* Formatter.swift in Sources */,
				1D0B1FA02279B3BB0054B15B /* Data+Extensions.swift in Sources */,
				1D19640622C6120A00CC0DF6 /* SignUIView.swift in Sources */,
				1D0B1F912279AC710054B15B /* RemoteImageDataStore.swift in Sources */,
				1D0B2234227BF7130054B15B /* EndPointMapper.swift in Sources */,
				1D1963F922C4B24E00CC0DF6 /* LoginUIView.swift in Sources */,
				1D1D17352290F00B00749C71 /* UIViewController+Extensions.swift in Sources */,
				1D0B1F8F2279AC170054B15B /* Logger.swift in Sources */,
				1D4423F222BFC07E0017C807 /* UserService.swift in Sources */,
				1D0B1FA42279B5550054B15B /* String+Extensions.swift in Sources */,
				1D32036D228B067500EB8544 /* OnBoardingViewController.swift in Sources */,
				1D0B2232227BF4AC0054B15B /* LocationService.swift in Sources */,
				1D0B1F8C2279AB7C0054B15B /* FileDataStore.swift in Sources */,
				1D1C3A7A22716B750031A9BC /* FirstViewController.swift in Sources */,
				1D0B1F7F2279A7B60054B15B /* EngineComponent.swift in Sources */,
			);
			runOnlyForDeploymentPostprocessing = 0;
		};
		1D1C3A8622716B760031A9BC /* Sources */ = {
			isa = PBXSourcesBuildPhase;
			buildActionMask = 2147483647;
			files = (
				1D1C3A8F22716B760031A9BC /* MyJogsTests.swift in Sources */,
			);
			runOnlyForDeploymentPostprocessing = 0;
		};
		1D1C3A9122716B760031A9BC /* Sources */ = {
			isa = PBXSourcesBuildPhase;
			buildActionMask = 2147483647;
			files = (
				1D1C3A9A22716B760031A9BC /* MyJogsUITests.swift in Sources */,
			);
			runOnlyForDeploymentPostprocessing = 0;
		};
/* End PBXSourcesBuildPhase section */

/* Begin PBXTargetDependency section */
		1D1C3A8C22716B760031A9BC /* PBXTargetDependency */ = {
			isa = PBXTargetDependency;
			target = 1D1C3A7322716B750031A9BC /* MyJogs */;
			targetProxy = 1D1C3A8B22716B760031A9BC /* PBXContainerItemProxy */;
		};
		1D1C3A9722716B760031A9BC /* PBXTargetDependency */ = {
			isa = PBXTargetDependency;
			target = 1D1C3A7322716B750031A9BC /* MyJogs */;
			targetProxy = 1D1C3A9622716B760031A9BC /* PBXContainerItemProxy */;
		};
/* End PBXTargetDependency section */

/* Begin PBXVariantGroup section */
		1D1C3A7D22716B750031A9BC /* Main.storyboard */ = {
			isa = PBXVariantGroup;
			children = (
				1D1C3A7E22716B750031A9BC /* Base */,
			);
			name = Main.storyboard;
			sourceTree = "<group>";
		};
		1D1C3A8222716B760031A9BC /* LaunchScreen.storyboard */ = {
			isa = PBXVariantGroup;
			children = (
				1D1C3A8322716B760031A9BC /* Base */,
			);
			name = LaunchScreen.storyboard;
			sourceTree = "<group>";
		};
/* End PBXVariantGroup section */

/* Begin XCBuildConfiguration section */
		1D1C3A9C22716B760031A9BC /* Debug */ = {
			isa = XCBuildConfiguration;
			buildSettings = {
				ALWAYS_SEARCH_USER_PATHS = NO;
				CLANG_ANALYZER_NONNULL = YES;
				CLANG_ANALYZER_NUMBER_OBJECT_CONVERSION = YES_AGGRESSIVE;
				CLANG_CXX_LANGUAGE_STANDARD = "gnu++14";
				CLANG_CXX_LIBRARY = "libc++";
				CLANG_ENABLE_MODULES = YES;
				CLANG_ENABLE_OBJC_ARC = YES;
				CLANG_ENABLE_OBJC_WEAK = YES;
				CLANG_WARN_BLOCK_CAPTURE_AUTORELEASING = YES;
				CLANG_WARN_BOOL_CONVERSION = YES;
				CLANG_WARN_COMMA = YES;
				CLANG_WARN_CONSTANT_CONVERSION = YES;
				CLANG_WARN_DEPRECATED_OBJC_IMPLEMENTATIONS = YES;
				CLANG_WARN_DIRECT_OBJC_ISA_USAGE = YES_ERROR;
				CLANG_WARN_DOCUMENTATION_COMMENTS = YES;
				CLANG_WARN_EMPTY_BODY = YES;
				CLANG_WARN_ENUM_CONVERSION = YES;
				CLANG_WARN_INFINITE_RECURSION = YES;
				CLANG_WARN_INT_CONVERSION = YES;
				CLANG_WARN_NON_LITERAL_NULL_CONVERSION = YES;
				CLANG_WARN_OBJC_IMPLICIT_RETAIN_SELF = YES;
				CLANG_WARN_OBJC_LITERAL_CONVERSION = YES;
				CLANG_WARN_OBJC_ROOT_CLASS = YES_ERROR;
				CLANG_WARN_RANGE_LOOP_ANALYSIS = YES;
				CLANG_WARN_STRICT_PROTOTYPES = YES;
				CLANG_WARN_SUSPICIOUS_MOVE = YES;
				CLANG_WARN_UNGUARDED_AVAILABILITY = YES_AGGRESSIVE;
				CLANG_WARN_UNREACHABLE_CODE = YES;
				CLANG_WARN__DUPLICATE_METHOD_MATCH = YES;
				CODE_SIGN_IDENTITY = "iPhone Developer";
				COPY_PHASE_STRIP = NO;
				DEBUG_INFORMATION_FORMAT = dwarf;
				ENABLE_STRICT_OBJC_MSGSEND = YES;
				ENABLE_TESTABILITY = YES;
				GCC_C_LANGUAGE_STANDARD = gnu11;
				GCC_DYNAMIC_NO_PIC = NO;
				GCC_NO_COMMON_BLOCKS = YES;
				GCC_OPTIMIZATION_LEVEL = 0;
				GCC_PREPROCESSOR_DEFINITIONS = (
					"DEBUG=1",
					"$(inherited)",
				);
				GCC_WARN_64_TO_32_BIT_CONVERSION = YES;
				GCC_WARN_ABOUT_RETURN_TYPE = YES_ERROR;
				GCC_WARN_UNDECLARED_SELECTOR = YES;
				GCC_WARN_UNINITIALIZED_AUTOS = YES_AGGRESSIVE;
				GCC_WARN_UNUSED_FUNCTION = YES;
				GCC_WARN_UNUSED_VARIABLE = YES;
				IPHONEOS_DEPLOYMENT_TARGET = 12.2;
				MTL_ENABLE_DEBUG_INFO = INCLUDE_SOURCE;
				MTL_FAST_MATH = YES;
				ONLY_ACTIVE_ARCH = YES;
				SDKROOT = iphoneos;
				SWIFT_ACTIVE_COMPILATION_CONDITIONS = DEBUG;
				SWIFT_OPTIMIZATION_LEVEL = "-Onone";
			};
			name = Debug;
		};
		1D1C3A9D22716B760031A9BC /* Release */ = {
			isa = XCBuildConfiguration;
			buildSettings = {
				ALWAYS_SEARCH_USER_PATHS = NO;
				CLANG_ANALYZER_NONNULL = YES;
				CLANG_ANALYZER_NUMBER_OBJECT_CONVERSION = YES_AGGRESSIVE;
				CLANG_CXX_LANGUAGE_STANDARD = "gnu++14";
				CLANG_CXX_LIBRARY = "libc++";
				CLANG_ENABLE_MODULES = YES;
				CLANG_ENABLE_OBJC_ARC = YES;
				CLANG_ENABLE_OBJC_WEAK = YES;
				CLANG_WARN_BLOCK_CAPTURE_AUTORELEASING = YES;
				CLANG_WARN_BOOL_CONVERSION = YES;
				CLANG_WARN_COMMA = YES;
				CLANG_WARN_CONSTANT_CONVERSION = YES;
				CLANG_WARN_DEPRECATED_OBJC_IMPLEMENTATIONS = YES;
				CLANG_WARN_DIRECT_OBJC_ISA_USAGE = YES_ERROR;
				CLANG_WARN_DOCUMENTATION_COMMENTS = YES;
				CLANG_WARN_EMPTY_BODY = YES;
				CLANG_WARN_ENUM_CONVERSION = YES;
				CLANG_WARN_INFINITE_RECURSION = YES;
				CLANG_WARN_INT_CONVERSION = YES;
				CLANG_WARN_NON_LITERAL_NULL_CONVERSION = YES;
				CLANG_WARN_OBJC_IMPLICIT_RETAIN_SELF = YES;
				CLANG_WARN_OBJC_LITERAL_CONVERSION = YES;
				CLANG_WARN_OBJC_ROOT_CLASS = YES_ERROR;
				CLANG_WARN_RANGE_LOOP_ANALYSIS = YES;
				CLANG_WARN_STRICT_PROTOTYPES = YES;
				CLANG_WARN_SUSPICIOUS_MOVE = YES;
				CLANG_WARN_UNGUARDED_AVAILABILITY = YES_AGGRESSIVE;
				CLANG_WARN_UNREACHABLE_CODE = YES;
				CLANG_WARN__DUPLICATE_METHOD_MATCH = YES;
				CODE_SIGN_IDENTITY = "iPhone Developer";
				COPY_PHASE_STRIP = NO;
				DEBUG_INFORMATION_FORMAT = "dwarf-with-dsym";
				ENABLE_NS_ASSERTIONS = NO;
				ENABLE_STRICT_OBJC_MSGSEND = YES;
				GCC_C_LANGUAGE_STANDARD = gnu11;
				GCC_NO_COMMON_BLOCKS = YES;
				GCC_WARN_64_TO_32_BIT_CONVERSION = YES;
				GCC_WARN_ABOUT_RETURN_TYPE = YES_ERROR;
				GCC_WARN_UNDECLARED_SELECTOR = YES;
				GCC_WARN_UNINITIALIZED_AUTOS = YES_AGGRESSIVE;
				GCC_WARN_UNUSED_FUNCTION = YES;
				GCC_WARN_UNUSED_VARIABLE = YES;
				IPHONEOS_DEPLOYMENT_TARGET = 12.2;
				MTL_ENABLE_DEBUG_INFO = NO;
				MTL_FAST_MATH = YES;
				SDKROOT = iphoneos;
				SWIFT_COMPILATION_MODE = wholemodule;
				SWIFT_OPTIMIZATION_LEVEL = "-O";
				VALIDATE_PRODUCT = YES;
			};
			name = Release;
		};
		1D1C3A9F22716B760031A9BC /* Debug */ = {
			isa = XCBuildConfiguration;
			baseConfigurationReference = 644FD53219CFB59BD14C150B /* Pods-MyJogs.debug.xcconfig */;
			buildSettings = {
				ASSETCATALOG_COMPILER_APPICON_NAME = AppIcon;
				CODE_SIGN_STYLE = Automatic;
				DEBUG_INFORMATION_FORMAT = "dwarf-with-dsym";
				DEVELOPMENT_TEAM = CYG87LWPBT;
				INFOPLIST_FILE = MyJogs/Info.plist;
				IPHONEOS_DEPLOYMENT_TARGET = 13.0;
				LD_RUNPATH_SEARCH_PATHS = (
					"$(inherited)",
					"@executable_path/Frameworks",
				);
				PRODUCT_BUNDLE_IDENTIFIER = com.myJogs.MyJogs;
				PRODUCT_NAME = "$(TARGET_NAME)";
				SWIFT_OBJC_BRIDGING_HEADER = "MyJogs/MyJogs-Bridging-Header.h";
				SWIFT_VERSION = 5.0;
				TARGETED_DEVICE_FAMILY = 1;
			};
			name = Debug;
		};
		1D1C3AA022716B760031A9BC /* Release */ = {
			isa = XCBuildConfiguration;
			baseConfigurationReference = C12D226129E7E55E50E949F6 /* Pods-MyJogs.release.xcconfig */;
			buildSettings = {
				ASSETCATALOG_COMPILER_APPICON_NAME = AppIcon;
				CODE_SIGN_STYLE = Automatic;
				DEVELOPMENT_TEAM = CYG87LWPBT;
				INFOPLIST_FILE = MyJogs/Info.plist;
				IPHONEOS_DEPLOYMENT_TARGET = 13.0;
				LD_RUNPATH_SEARCH_PATHS = (
					"$(inherited)",
					"@executable_path/Frameworks",
				);
				PRODUCT_BUNDLE_IDENTIFIER = com.myJogs.MyJogs;
				PRODUCT_NAME = "$(TARGET_NAME)";
				SWIFT_OBJC_BRIDGING_HEADER = "MyJogs/MyJogs-Bridging-Header.h";
				SWIFT_VERSION = 5.0;
				TARGETED_DEVICE_FAMILY = 1;
			};
			name = Release;
		};
		1D1C3AA222716B760031A9BC /* Debug */ = {
			isa = XCBuildConfiguration;
			baseConfigurationReference = 7E0E0E329AB4F09C38840F3C /* Pods-MyJogsTests.debug.xcconfig */;
			buildSettings = {
				ALWAYS_EMBED_SWIFT_STANDARD_LIBRARIES = YES;
				BUNDLE_LOADER = "$(TEST_HOST)";
				CODE_SIGN_STYLE = Automatic;
				DEVELOPMENT_TEAM = CYG87LWPBT;
				INFOPLIST_FILE = MyJogsTests/Info.plist;
				LD_RUNPATH_SEARCH_PATHS = (
					"$(inherited)",
					"@executable_path/Frameworks",
					"@loader_path/Frameworks",
				);
				PRODUCT_BUNDLE_IDENTIFIER = com.myJogs.MyJogsTests;
				PRODUCT_NAME = "$(TARGET_NAME)";
				SWIFT_VERSION = 5.0;
				TARGETED_DEVICE_FAMILY = "1,2";
				TEST_HOST = "$(BUILT_PRODUCTS_DIR)/MyJogs.app/MyJogs";
			};
			name = Debug;
		};
		1D1C3AA322716B760031A9BC /* Release */ = {
			isa = XCBuildConfiguration;
			baseConfigurationReference = 072CF531330F4031A6C6450B /* Pods-MyJogsTests.release.xcconfig */;
			buildSettings = {
				ALWAYS_EMBED_SWIFT_STANDARD_LIBRARIES = YES;
				BUNDLE_LOADER = "$(TEST_HOST)";
				CODE_SIGN_STYLE = Automatic;
				DEVELOPMENT_TEAM = CYG87LWPBT;
				INFOPLIST_FILE = MyJogsTests/Info.plist;
				LD_RUNPATH_SEARCH_PATHS = (
					"$(inherited)",
					"@executable_path/Frameworks",
					"@loader_path/Frameworks",
				);
				PRODUCT_BUNDLE_IDENTIFIER = com.myJogs.MyJogsTests;
				PRODUCT_NAME = "$(TARGET_NAME)";
				SWIFT_VERSION = 5.0;
				TARGETED_DEVICE_FAMILY = "1,2";
				TEST_HOST = "$(BUILT_PRODUCTS_DIR)/MyJogs.app/MyJogs";
			};
			name = Release;
		};
		1D1C3AA522716B760031A9BC /* Debug */ = {
			isa = XCBuildConfiguration;
			baseConfigurationReference = 9D283D9D90100A7F80D594CA /* Pods-MyJogsUITests.debug.xcconfig */;
			buildSettings = {
				ALWAYS_EMBED_SWIFT_STANDARD_LIBRARIES = YES;
				CODE_SIGN_STYLE = Automatic;
				DEVELOPMENT_TEAM = CYG87LWPBT;
				INFOPLIST_FILE = MyJogsUITests/Info.plist;
				LD_RUNPATH_SEARCH_PATHS = (
					"$(inherited)",
					"@executable_path/Frameworks",
					"@loader_path/Frameworks",
				);
				PRODUCT_BUNDLE_IDENTIFIER = com.myJogs.MyJogsUITests;
				PRODUCT_NAME = "$(TARGET_NAME)";
				SWIFT_VERSION = 5.0;
				TARGETED_DEVICE_FAMILY = "1,2";
				TEST_TARGET_NAME = MyJogs;
			};
			name = Debug;
		};
		1D1C3AA622716B760031A9BC /* Release */ = {
			isa = XCBuildConfiguration;
			baseConfigurationReference = 5C9DA5C85827C01154D09ECA /* Pods-MyJogsUITests.release.xcconfig */;
			buildSettings = {
				ALWAYS_EMBED_SWIFT_STANDARD_LIBRARIES = YES;
				CODE_SIGN_STYLE = Automatic;
				DEVELOPMENT_TEAM = CYG87LWPBT;
				INFOPLIST_FILE = MyJogsUITests/Info.plist;
				LD_RUNPATH_SEARCH_PATHS = (
					"$(inherited)",
					"@executable_path/Frameworks",
					"@loader_path/Frameworks",
				);
				PRODUCT_BUNDLE_IDENTIFIER = com.myJogs.MyJogsUITests;
				PRODUCT_NAME = "$(TARGET_NAME)";
				SWIFT_VERSION = 5.0;
				TARGETED_DEVICE_FAMILY = "1,2";
				TEST_TARGET_NAME = MyJogs;
			};
			name = Release;
		};
/* End XCBuildConfiguration section */

/* Begin XCConfigurationList section */
		1D1C3A6F22716B750031A9BC /* Build configuration list for PBXProject "MyJogs" */ = {
			isa = XCConfigurationList;
			buildConfigurations = (
				1D1C3A9C22716B760031A9BC /* Debug */,
				1D1C3A9D22716B760031A9BC /* Release */,
			);
			defaultConfigurationIsVisible = 0;
			defaultConfigurationName = Release;
		};
		1D1C3A9E22716B760031A9BC /* Build configuration list for PBXNativeTarget "MyJogs" */ = {
			isa = XCConfigurationList;
			buildConfigurations = (
				1D1C3A9F22716B760031A9BC /* Debug */,
				1D1C3AA022716B760031A9BC /* Release */,
			);
			defaultConfigurationIsVisible = 0;
			defaultConfigurationName = Release;
		};
		1D1C3AA122716B760031A9BC /* Build configuration list for PBXNativeTarget "MyJogsTests" */ = {
			isa = XCConfigurationList;
			buildConfigurations = (
				1D1C3AA222716B760031A9BC /* Debug */,
				1D1C3AA322716B760031A9BC /* Release */,
			);
			defaultConfigurationIsVisible = 0;
			defaultConfigurationName = Release;
		};
		1D1C3AA422716B760031A9BC /* Build configuration list for PBXNativeTarget "MyJogsUITests" */ = {
			isa = XCConfigurationList;
			buildConfigurations = (
				1D1C3AA522716B760031A9BC /* Debug */,
				1D1C3AA622716B760031A9BC /* Release */,
			);
			defaultConfigurationIsVisible = 0;
			defaultConfigurationName = Release;
		};
/* End XCConfigurationList section */
	};
	rootObject = 1D1C3A6C22716B750031A9BC /* Project object */;
}
